// !$*UTF8*$!
{
	archiveVersion = 1;
	classes = {
	};
	objectVersion = 50;
	objects = {

/* Begin PBXBuildFile section */
		166D482E26113C4900F3E937 /* Meal.swift in Sources */ = {isa = PBXBuildFile; fileRef = 166D482D26113C4900F3E937 /* Meal.swift */; };
		167A8CB7260AB9A8009FC58E /* AppDelegate.swift in Sources */ = {isa = PBXBuildFile; fileRef = 167A8CB6260AB9A8009FC58E /* AppDelegate.swift */; };
		167A8CB9260AB9A8009FC58E /* SceneDelegate.swift in Sources */ = {isa = PBXBuildFile; fileRef = 167A8CB8260AB9A8009FC58E /* SceneDelegate.swift */; };
		167A8CBB260AB9A8009FC58E /* ViewController.swift in Sources */ = {isa = PBXBuildFile; fileRef = 167A8CBA260AB9A8009FC58E /* ViewController.swift */; };
		167A8CBE260AB9A8009FC58E /* Main.storyboard in Resources */ = {isa = PBXBuildFile; fileRef = 167A8CBC260AB9A8009FC58E /* Main.storyboard */; };
		167A8CC0260AB9A9009FC58E /* Assets.xcassets in Resources */ = {isa = PBXBuildFile; fileRef = 167A8CBF260AB9A9009FC58E /* Assets.xcassets */; };
		167A8CC3260AB9A9009FC58E /* LaunchScreen.storyboard in Resources */ = {isa = PBXBuildFile; fileRef = 167A8CC1260AB9A9009FC58E /* LaunchScreen.storyboard */; };
		167A8CCE260AB9AA009FC58E /* foodTrackerTests.swift in Sources */ = {isa = PBXBuildFile; fileRef = 167A8CCD260AB9AA009FC58E /* foodTrackerTests.swift */; };
		16B563D6260D86B700C1E5BF /* RatingControl.swift in Sources */ = {isa = PBXBuildFile; fileRef = 16B563D5260D86B700C1E5BF /* RatingControl.swift */; };
/* End PBXBuildFile section */

/* Begin PBXContainerItemProxy section */
		167A8CCA260AB9AA009FC58E /* PBXContainerItemProxy */ = {
			isa = PBXContainerItemProxy;
			containerPortal = 167A8CAB260AB9A8009FC58E /* Project object */;
			proxyType = 1;
			remoteGlobalIDString = 167A8CB2260AB9A8009FC58E;
			remoteInfo = foodTracker;
		};
/* End PBXContainerItemProxy section */

/* Begin PBXFileReference section */
		166D482D26113C4900F3E937 /* Meal.swift */ = {isa = PBXFileReference; lastKnownFileType = sourcecode.swift; path = Meal.swift; sourceTree = "<group>"; };
		167A8CB3260AB9A8009FC58E /* foodTracker.app */ = {isa = PBXFileReference; explicitFileType = wrapper.application; includeInIndex = 0; path = foodTracker.app; sourceTree = BUILT_PRODUCTS_DIR; };
		167A8CB6260AB9A8009FC58E /* AppDelegate.swift */ = {isa = PBXFileReference; lastKnownFileType = sourcecode.swift; path = AppDelegate.swift; sourceTree = "<group>"; };
		167A8CB8260AB9A8009FC58E /* SceneDelegate.swift */ = {isa = PBXFileReference; lastKnownFileType = sourcecode.swift; path = SceneDelegate.swift; sourceTree = "<group>"; };
		167A8CBA260AB9A8009FC58E /* ViewController.swift */ = {isa = PBXFileReference; lastKnownFileType = sourcecode.swift; path = ViewController.swift; sourceTree = "<group>"; };
		167A8CBD260AB9A8009FC58E /* Base */ = {isa = PBXFileReference; lastKnownFileType = file.storyboard; name = Base; path = Base.lproj/Main.storyboard; sourceTree = "<group>"; };
		167A8CBF260AB9A9009FC58E /* Assets.xcassets */ = {isa = PBXFileReference; lastKnownFileType = folder.assetcatalog; path = Assets.xcassets; sourceTree = "<group>"; };
		167A8CC2260AB9A9009FC58E /* Base */ = {isa = PBXFileReference; lastKnownFileType = file.storyboard; name = Base; path = Base.lproj/LaunchScreen.storyboard; sourceTree = "<group>"; };
		167A8CC4260AB9A9009FC58E /* Info.plist */ = {isa = PBXFileReference; lastKnownFileType = text.plist.xml; path = Info.plist; sourceTree = "<group>"; };
		167A8CC9260AB9AA009FC58E /* foodTrackerTests.xctest */ = {isa = PBXFileReference; explicitFileType = wrapper.cfbundle; includeInIndex = 0; path = foodTrackerTests.xctest; sourceTree = BUILT_PRODUCTS_DIR; };
		167A8CCD260AB9AA009FC58E /* foodTrackerTests.swift */ = {isa = PBXFileReference; lastKnownFileType = sourcecode.swift; path = foodTrackerTests.swift; sourceTree = "<group>"; };
		167A8CCF260AB9AA009FC58E /* Info.plist */ = {isa = PBXFileReference; lastKnownFileType = text.plist.xml; path = Info.plist; sourceTree = "<group>"; };
		167A8CD8260AB9AA009FC58E /* foodTrackerUITests.swift */ = {isa = PBXFileReference; lastKnownFileType = sourcecode.swift; path = foodTrackerUITests.swift; sourceTree = "<group>"; };
		167A8CDA260AB9AA009FC58E /* Info.plist */ = {isa = PBXFileReference; lastKnownFileType = text.plist.xml; path = Info.plist; sourceTree = "<group>"; };
		16B563D5260D86B700C1E5BF /* RatingControl.swift */ = {isa = PBXFileReference; lastKnownFileType = sourcecode.swift; path = RatingControl.swift; sourceTree = "<group>"; };
/* End PBXFileReference section */

/* Begin PBXFrameworksBuildPhase section */
		167A8CB0260AB9A8009FC58E /* Frameworks */ = {
			isa = PBXFrameworksBuildPhase;
			buildActionMask = 2147483647;
			files = (
			);
			runOnlyForDeploymentPostprocessing = 0;
		};
		167A8CC6260AB9AA009FC58E /* Frameworks */ = {
			isa = PBXFrameworksBuildPhase;
			buildActionMask = 2147483647;
			files = (
			);
			runOnlyForDeploymentPostprocessing = 0;
		};
/* End PBXFrameworksBuildPhase section */

/* Begin PBXGroup section */
		167A8CAA260AB9A8009FC58E = {
			isa = PBXGroup;
			children = (
				167A8CB5260AB9A8009FC58E /* foodTracker */,
				167A8CCC260AB9AA009FC58E /* foodTrackerTests */,
				167A8CD7260AB9AA009FC58E /* foodTrackerUITests */,
				167A8CB4260AB9A8009FC58E /* Products */,
			);
			sourceTree = "<group>";
		};
		167A8CB4260AB9A8009FC58E /* Products */ = {
			isa = PBXGroup;
			children = (
				167A8CB3260AB9A8009FC58E /* foodTracker.app */,
				167A8CC9260AB9AA009FC58E /* foodTrackerTests.xctest */,
			);
			name = Products;
			sourceTree = "<group>";
		};
		167A8CB5260AB9A8009FC58E /* foodTracker */ = {
			isa = PBXGroup;
			children = (
				167A8CB6260AB9A8009FC58E /* AppDelegate.swift */,
				167A8CB8260AB9A8009FC58E /* SceneDelegate.swift */,
				167A8CBA260AB9A8009FC58E /* ViewController.swift */,
				16B563D5260D86B700C1E5BF /* RatingControl.swift */,
				166D482D26113C4900F3E937 /* Meal.swift */,
				167A8CBF260AB9A9009FC58E /* Assets.xcassets */,
				167A8CBC260AB9A8009FC58E /* Main.storyboard */,
				167A8CC1260AB9A9009FC58E /* LaunchScreen.storyboard */,
				167A8CC4260AB9A9009FC58E /* Info.plist */,
			);
			path = foodTracker;
			sourceTree = "<group>";
		};
		167A8CCC260AB9AA009FC58E /* foodTrackerTests */ = {
			isa = PBXGroup;
			children = (
				167A8CCD260AB9AA009FC58E /* foodTrackerTests.swift */,
				167A8CCF260AB9AA009FC58E /* Info.plist */,
			);
			path = foodTrackerTests;
			sourceTree = "<group>";
		};
		167A8CD7260AB9AA009FC58E /* foodTrackerUITests */ = {
			isa = PBXGroup;
			children = (
				167A8CD8260AB9AA009FC58E /* foodTrackerUITests.swift */,
				167A8CDA260AB9AA009FC58E /* Info.plist */,
			);
			path = foodTrackerUITests;
			sourceTree = "<group>";
		};
/* End PBXGroup section */

/* Begin PBXNativeTarget section */
		167A8CB2260AB9A8009FC58E /* foodTracker */ = {
			isa = PBXNativeTarget;
			buildConfigurationList = 167A8CDD260AB9AA009FC58E /* Build configuration list for PBXNativeTarget "foodTracker" */;
			buildPhases = (
				167A8CAF260AB9A8009FC58E /* Sources */,
				167A8CB0260AB9A8009FC58E /* Frameworks */,
				167A8CB1260AB9A8009FC58E /* Resources */,
			);
			buildRules = (
			);
			dependencies = (
			);
			name = foodTracker;
			productName = foodTracker;
			productReference = 167A8CB3260AB9A8009FC58E /* foodTracker.app */;
			productType = "com.apple.product-type.application";
		};
		167A8CC8260AB9AA009FC58E /* foodTrackerTests */ = {
			isa = PBXNativeTarget;
			buildConfigurationList = 167A8CE0260AB9AA009FC58E /* Build configuration list for PBXNativeTarget "foodTrackerTests" */;
			buildPhases = (
				167A8CC5260AB9AA009FC58E /* Sources */,
				167A8CC6260AB9AA009FC58E /* Frameworks */,
				167A8CC7260AB9AA009FC58E /* Resources */,
			);
			buildRules = (
			);
			dependencies = (
				167A8CCB260AB9AA009FC58E /* PBXTargetDependency */,
			);
			name = foodTrackerTests;
			productName = foodTrackerTests;
			productReference = 167A8CC9260AB9AA009FC58E /* foodTrackerTests.xctest */;
			productType = "com.apple.product-type.bundle.unit-test";
		};
/* End PBXNativeTarget section */

/* Begin PBXProject section */
		167A8CAB260AB9A8009FC58E /* Project object */ = {
			isa = PBXProject;
			attributes = {
				LastSwiftUpdateCheck = 1240;
				LastUpgradeCheck = 1240;
				TargetAttributes = {
					167A8CB2260AB9A8009FC58E = {
						CreatedOnToolsVersion = 12.4;
					};
					167A8CC8260AB9AA009FC58E = {
						CreatedOnToolsVersion = 12.4;
						TestTargetID = 167A8CB2260AB9A8009FC58E;
					};
				};
			};
			buildConfigurationList = 167A8CAE260AB9A8009FC58E /* Build configuration list for PBXProject "foodTracker" */;
			compatibilityVersion = "Xcode 9.3";
			developmentRegion = en;
			hasScannedForEncodings = 0;
			knownRegions = (
				en,
				Base,
			);
			mainGroup = 167A8CAA260AB9A8009FC58E;
			productRefGroup = 167A8CB4260AB9A8009FC58E /* Products */;
			projectDirPath = "";
			projectRoot = "";
			targets = (
				167A8CB2260AB9A8009FC58E /* foodTracker */,
				167A8CC8260AB9AA009FC58E /* foodTrackerTests */,
			);
		};
/* End PBXProject section */

/* Begin PBXResourcesBuildPhase section */
		167A8CB1260AB9A8009FC58E /* Resources */ = {
			isa = PBXResourcesBuildPhase;
			buildActionMask = 2147483647;
			files = (
				167A8CC3260AB9A9009FC58E /* LaunchScreen.storyboard in Resources */,
				167A8CC0260AB9A9009FC58E /* Assets.xcassets in Resources */,
				167A8CBE260AB9A8009FC58E /* Main.storyboard in Resources */,
			);
			runOnlyForDeploymentPostprocessing = 0;
		};
		167A8CC7260AB9AA009FC58E /* Resources */ = {
			isa = PBXResourcesBuildPhase;
			buildActionMask = 2147483647;
			files = (
			);
			runOnlyForDeploymentPostprocessing = 0;
		};
/* End PBXResourcesBuildPhase section */

/* Begin PBXSourcesBuildPhase section */
		167A8CAF260AB9A8009FC58E /* Sources */ = {
			isa = PBXSourcesBuildPhase;
			buildActionMask = 2147483647;
			files = (
				166D482E26113C4900F3E937 /* Meal.swift in Sources */,
				16B563D6260D86B700C1E5BF /* RatingControl.swift in Sources */,
				167A8CBB260AB9A8009FC58E /* ViewController.swift in Sources */,
				167A8CB7260AB9A8009FC58E /* AppDelegate.swift in Sources */,
				167A8CB9260AB9A8009FC58E /* SceneDelegate.swift in Sources */,
			);
			runOnlyForDeploymentPostprocessing = 0;
		};
		167A8CC5260AB9AA009FC58E /* Sources */ = {
			isa = PBXSourcesBuildPhase;
			buildActionMask = 2147483647;
			files = (
				167A8CCE260AB9AA009FC58E /* foodTrackerTests.swift in Sources */,
			);
			runOnlyForDeploymentPostprocessing = 0;
		};
/* End PBXSourcesBuildPhase section */

/* Begin PBXTargetDependency section */
		167A8CCB260AB9AA009FC58E /* PBXTargetDependency */ = {
			isa = PBXTargetDependency;
			target = 167A8CB2260AB9A8009FC58E /* foodTracker */;
			targetProxy = 167A8CCA260AB9AA009FC58E /* PBXContainerItemProxy */;
		};
/* End PBXTargetDependency section */

/* Begin PBXVariantGroup section */
		167A8CBC260AB9A8009FC58E /* Main.storyboard */ = {
			isa = PBXVariantGroup;
			children = (
				167A8CBD260AB9A8009FC58E /* Base */,
			);
			name = Main.storyboard;
			sourceTree = "<group>";
		};
		167A8CC1260AB9A9009FC58E /* LaunchScreen.storyboard */ = {
			isa = PBXVariantGroup;
			children = (
				167A8CC2260AB9A9009FC58E /* Base */,
			);
			name = LaunchScreen.storyboard;
			sourceTree = "<group>";
		};
/* End PBXVariantGroup section */

/* Begin XCBuildConfiguration section */
		167A8CDB260AB9AA009FC58E /* Debug */ = {
			isa = XCBuildConfiguration;
			buildSettings = {
				ALWAYS_SEARCH_USER_PATHS = NO;
				CLANG_ANALYZER_NONNULL = YES;
				CLANG_ANALYZER_NUMBER_OBJECT_CONVERSION = YES_AGGRESSIVE;
				CLANG_CXX_LANGUAGE_STANDARD = "gnu++14";
				CLANG_CXX_LIBRARY = "libc++";
				CLANG_ENABLE_MODULES = YES;
				CLANG_ENABLE_OBJC_ARC = YES;
				CLANG_ENABLE_OBJC_WEAK = YES;
				CLANG_WARN_BLOCK_CAPTURE_AUTORELEASING = YES;
				CLANG_WARN_BOOL_CONVERSION = YES;
				CLANG_WARN_COMMA = YES;
				CLANG_WARN_CONSTANT_CONVERSION = YES;
				CLANG_WARN_DEPRECATED_OBJC_IMPLEMENTATIONS = YES;
				CLANG_WARN_DIRECT_OBJC_ISA_USAGE = YES_ERROR;
				CLANG_WARN_DOCUMENTATION_COMMENTS = YES;
				CLANG_WARN_EMPTY_BODY = YES;
				CLANG_WARN_ENUM_CONVERSION = YES;
				CLANG_WARN_INFINITE_RECURSION = YES;
				CLANG_WARN_INT_CONVERSION = YES;
				CLANG_WARN_NON_LITERAL_NULL_CONVERSION = YES;
				CLANG_WARN_OBJC_IMPLICIT_RETAIN_SELF = YES;
				CLANG_WARN_OBJC_LITERAL_CONVERSION = YES;
				CLANG_WARN_OBJC_ROOT_CLASS = YES_ERROR;
				CLANG_WARN_QUOTED_INCLUDE_IN_FRAMEWORK_HEADER = YES;
				CLANG_WARN_RANGE_LOOP_ANALYSIS = YES;
				CLANG_WARN_STRICT_PROTOTYPES = YES;
				CLANG_WARN_SUSPICIOUS_MOVE = YES;
				CLANG_WARN_UNGUARDED_AVAILABILITY = YES_AGGRESSIVE;
				CLANG_WARN_UNREACHABLE_CODE = YES;
				CLANG_WARN__DUPLICATE_METHOD_MATCH = YES;
				COPY_PHASE_STRIP = NO;
				DEBUG_INFORMATION_FORMAT = dwarf;
				ENABLE_STRICT_OBJC_MSGSEND = YES;
				ENABLE_TESTABILITY = YES;
				GCC_C_LANGUAGE_STANDARD = gnu11;
				GCC_DYNAMIC_NO_PIC = NO;
				GCC_NO_COMMON_BLOCKS = YES;
				GCC_OPTIMIZATION_LEVEL = 0;
				GCC_PREPROCESSOR_DEFINITIONS = (
					"DEBUG=1",
					"$(inherited)",
				);
				GCC_WARN_64_TO_32_BIT_CONVERSION = YES;
				GCC_WARN_ABOUT_RETURN_TYPE = YES_ERROR;
				GCC_WARN_UNDECLARED_SELECTOR = YES;
				GCC_WARN_UNINITIALIZED_AUTOS = YES_AGGRESSIVE;
				GCC_WARN_UNUSED_FUNCTION = YES;
				GCC_WARN_UNUSED_VARIABLE = YES;
				IPHONEOS_DEPLOYMENT_TARGET = 14.4;
				MTL_ENABLE_DEBUG_INFO = INCLUDE_SOURCE;
				MTL_FAST_MATH = YES;
				ONLY_ACTIVE_ARCH = YES;
				SDKROOT = iphoneos;
				SWIFT_ACTIVE_COMPILATION_CONDITIONS = DEBUG;
				SWIFT_OPTIMIZATION_LEVEL = "-Onone";
			};
			name = Debug;
		};
		167A8CDC260AB9AA009FC58E /* Release */ = {
			isa = XCBuildConfiguration;
			buildSettings = {
				ALWAYS_SEARCH_USER_PATHS = NO;
				CLANG_ANALYZER_NONNULL = YES;
				CLANG_ANALYZER_NUMBER_OBJECT_CONVERSION = YES_AGGRESSIVE;
				CLANG_CXX_LANGUAGE_STANDARD = "gnu++14";
				CLANG_CXX_LIBRARY = "libc++";
				CLANG_ENABLE_MODULES = YES;
				CLANG_ENABLE_OBJC_ARC = YES;
				CLANG_ENABLE_OBJC_WEAK = YES;
				CLANG_WARN_BLOCK_CAPTURE_AUTORELEASING = YES;
				CLANG_WARN_BOOL_CONVERSION = YES;
				CLANG_WARN_COMMA = YES;
				CLANG_WARN_CONSTANT_CONVERSION = YES;
				CLANG_WARN_DEPRECATED_OBJC_IMPLEMENTATIONS = YES;
				CLANG_WARN_DIRECT_OBJC_ISA_USAGE = YES_ERROR;
				CLANG_WARN_DOCUMENTATION_COMMENTS = YES;
				CLANG_WARN_EMPTY_BODY = YES;
				CLANG_WARN_ENUM_CONVERSION = YES;
				CLANG_WARN_INFINITE_RECURSION = YES;
				CLANG_WARN_INT_CONVERSION = YES;
				CLANG_WARN_NON_LITERAL_NULL_CONVERSION = YES;
				CLANG_WARN_OBJC_IMPLICIT_RETAIN_SELF = YES;
				CLANG_WARN_OBJC_LITERAL_CONVERSION = YES;
				CLANG_WARN_OBJC_ROOT_CLASS = YES_ERROR;
				CLANG_WARN_QUOTED_INCLUDE_IN_FRAMEWORK_HEADER = YES;
				CLANG_WARN_RANGE_LOOP_ANALYSIS = YES;
				CLANG_WARN_STRICT_PROTOTYPES = YES;
				CLANG_WARN_SUSPICIOUS_MOVE = YES;
				CLANG_WARN_UNGUARDED_AVAILABILITY = YES_AGGRESSIVE;
				CLANG_WARN_UNREACHABLE_CODE = YES;
				CLANG_WARN__DUPLICATE_METHOD_MATCH = YES;
				COPY_PHASE_STRIP = NO;
				DEBUG_INFORMATION_FORMAT = "dwarf-with-dsym";
				ENABLE_NS_ASSERTIONS = NO;
				ENABLE_STRICT_OBJC_MSGSEND = YES;
				GCC_C_LANGUAGE_STANDARD = gnu11;
				GCC_NO_COMMON_BLOCKS = YES;
				GCC_WARN_64_TO_32_BIT_CONVERSION = YES;
				GCC_WARN_ABOUT_RETURN_TYPE = YES_ERROR;
				GCC_WARN_UNDECLARED_SELECTOR = YES;
				GCC_WARN_UNINITIALIZED_AUTOS = YES_AGGRESSIVE;
				GCC_WARN_UNUSED_FUNCTION = YES;
				GCC_WARN_UNUSED_VARIABLE = YES;
				IPHONEOS_DEPLOYMENT_TARGET = 14.4;
				MTL_ENABLE_DEBUG_INFO = NO;
				MTL_FAST_MATH = YES;
				SDKROOT = iphoneos;
				SWIFT_COMPILATION_MODE = wholemodule;
				SWIFT_OPTIMIZATION_LEVEL = "-O";
				VALIDATE_PRODUCT = YES;
			};
			name = Release;
		};
		167A8CDE260AB9AA009FC58E /* Debug */ = {
			isa = XCBuildConfiguration;
			buildSettings = {
				ASSETCATALOG_COMPILER_APPICON_NAME = AppIcon;
				ASSETCATALOG_COMPILER_GLOBAL_ACCENT_COLOR_NAME = AccentColor;
				CODE_SIGN_STYLE = Automatic;
				DEVELOPMENT_TEAM = 2W94QJWUCY;
				INFOPLIST_FILE = foodTracker/Info.plist;
				LD_RUNPATH_SEARCH_PATHS = (
					"$(inherited)",
					"@executable_path/Frameworks",
				);
				PRODUCT_BUNDLE_IDENTIFIER = com.example.FT2021;
				PRODUCT_NAME = "$(TARGET_NAME)";
				SWIFT_VERSION = 5.0;
				TARGETED_DEVICE_FAMILY = "1,2";
			};
			name = Debug;
		};
		167A8CDF260AB9AA009FC58E /* Release */ = {
			isa = XCBuildConfiguration;
			buildSettings = {
				ASSETCATALOG_COMPILER_APPICON_NAME = AppIcon;
				ASSETCATALOG_COMPILER_GLOBAL_ACCENT_COLOR_NAME = AccentColor;
				CODE_SIGN_STYLE = Automatic;
				DEVELOPMENT_TEAM = 2W94QJWUCY;
				INFOPLIST_FILE = foodTracker/Info.plist;
				LD_RUNPATH_SEARCH_PATHS = (
					"$(inherited)",
					"@executable_path/Frameworks",
				);
				PRODUCT_BUNDLE_IDENTIFIER = com.example.FT2021;
				PRODUCT_NAME = "$(TARGET_NAME)";
				SWIFT_VERSION = 5.0;
				TARGETED_DEVICE_FAMILY = "1,2";
			};
			name = Release;
		};
		167A8CE1260AB9AA009FC58E /* Debug */ = {
			isa = XCBuildConfiguration;
			buildSettings = {
				ALWAYS_EMBED_SWIFT_STANDARD_LIBRARIES = YES;
				BUNDLE_LOADER = "$(TEST_HOST)";
				"CODE_SIGN_IDENTITY[sdk=macosx*]" = "Apple Development";
				CODE_SIGN_STYLE = Automatic;
				DEVELOPMENT_TEAM = 2W94QJWUCY;
				INFOPLIST_FILE = foodTrackerTests/Info.plist;
				IPHONEOS_DEPLOYMENT_TARGET = 14.4;
				LD_RUNPATH_SEARCH_PATHS = (
					"$(inherited)",
					"@executable_path/Frameworks",
					"@loader_path/Frameworks",
				);
				PRODUCT_BUNDLE_IDENTIFIER = com.example.foodTrackerTests;
				PRODUCT_NAME = "$(TARGET_NAME)";
				SWIFT_VERSION = 5.0;
				TARGETED_DEVICE_FAMILY = "1,2";
				TEST_HOST = "$(BUILT_PRODUCTS_DIR)/foodTracker.app/foodTracker";
			};
			name = Debug;
		};
		167A8CE2260AB9AA009FC58E /* Release */ = {
			isa = XCBuildConfiguration;
			buildSettings = {
				ALWAYS_EMBED_SWIFT_STANDARD_LIBRARIES = YES;
				BUNDLE_LOADER = "$(TEST_HOST)";
				"CODE_SIGN_IDENTITY[sdk=macosx*]" = "Apple Development";
				CODE_SIGN_STYLE = Automatic;
				DEVELOPMENT_TEAM = 2W94QJWUCY;
				INFOPLIST_FILE = foodTrackerTests/Info.plist;
				IPHONEOS_DEPLOYMENT_TARGET = 14.4;
				LD_RUNPATH_SEARCH_PATHS = (
					"$(inherited)",
					"@executable_path/Frameworks",
					"@loader_path/Frameworks",
				);
				PRODUCT_BUNDLE_IDENTIFIER = com.example.foodTrackerTests;
				PRODUCT_NAME = "$(TARGET_NAME)";
				SWIFT_VERSION = 5.0;
				TARGETED_DEVICE_FAMILY = "1,2";
				TEST_HOST = "$(BUILT_PRODUCTS_DIR)/foodTracker.app/foodTracker";
			};
			name = Release;
		};
/* End XCBuildConfiguration section */

/* Begin XCConfigurationList section */
		167A8CAE260AB9A8009FC58E /* Build configuration list for PBXProject "foodTracker" */ = {
			isa = XCConfigurationList;
			buildConfigurations = (
				167A8CDB260AB9AA009FC58E /* Debug */,
				167A8CDC260AB9AA009FC58E /* Release */,
			);
			defaultConfigurationIsVisible = 0;
			defaultConfigurationName = Release;
		};
		167A8CDD260AB9AA009FC58E /* Build configuration list for PBXNativeTarget "foodTracker" */ = {
			isa = XCConfigurationList;
			buildConfigurations = (
				167A8CDE260AB9AA009FC58E /* Debug */,
				167A8CDF260AB9AA009FC58E /* Release */,
			);
			defaultConfigurationIsVisible = 0;
			defaultConfigurationName = Release;
		};
		167A8CE0260AB9AA009FC58E /* Build configuration list for PBXNativeTarget "foodTrackerTests" */ = {
			isa = XCConfigurationList;
			buildConfigurations = (
				167A8CE1260AB9AA009FC58E /* Debug */,
				167A8CE2260AB9AA009FC58E /* Release */,
			);
			defaultConfigurationIsVisible = 0;
			defaultConfigurationName = Release;
		};
/* End XCConfigurationList section */
	};
	rootObject = 167A8CAB260AB9A8009FC58E /* Project object */;
}
